
Microsoft Visual Studio Solution File, Format Version 12.00
# Visual Studio Version 17
VisualStudioVersion = 17.6.33712.159
MinimumVisualStudioVersion = 10.0.40219.1
Project("{FAE04EC0-301F-11D3-BF4B-00C04F79EFBC}") = "aspxliDeneme", "aspxliDeneme\aspxliDeneme.csproj", "{13B1A63F-B8D9-41C9-8F98-0BDCCCD0DB68}"
EndProject
Global
	GlobalSection(SolutionConfigurationPlatforms) = preSolution
		Debug|Any CPU = Debug|Any CPU
		Release|Any CPU = Release|Any CPU
	EndGlobalSection
	GlobalSection(ProjectConfigurationPlatforms) = postSolution
		{13B1A63F-B8D9-41C9-8F98-0BDCCCD0DB68}.Debug|Any CPU.ActiveCfg = Debug|Any CPU
		{13B1A63F-B8D9-41C9-8F98-0BDCCCD0DB68}.Debug|Any CPU.Build.0 = Debug|Any CPU
		{13B1A63F-B8D9-41C9-8F98-0BDCCCD0DB68}.Release|Any CPU.ActiveCfg = Release|Any CPU
		{13B1A63F-B8D9-41C9-8F98-0BDCCCD0DB68}.Release|Any CPU.Build.0 = Release|Any CPU
	EndGlobalSection
	GlobalSection(SolutionProperties) = preSolution
		HideSolutionNode = FALSE
	EndGlobalSection
	GlobalSection(ExtensibilityGlobals) = postSolution
		SolutionGuid = {3F870106-75D4-4790-AC58-41DF4D656BF2}
	EndGlobalSection
EndGlobal
